<?xml version="1.0" encoding="utf-8"?>
<Project ToolsVersion="4.0" xmlns="http://schemas.microsoft.com/developer/msbuild/2003">
  <ItemGroup>
    <Filter Include="Source Files">
      <UniqueIdentifier>{4FC737F1-C7A5-4376-A066-2A32D752A2FF}</UniqueIdentifier>
      <Extensions>cpp;c;cc;cxx;def;odl;idl;hpj;bat;asm;asmx</Extensions>
    </Filter>
    <Filter Include="Header Files">
      <UniqueIdentifier>{93995380-89BD-4b04-88EB-625FBE52EBFB}</UniqueIdentifier>
      <Extensions>h;hh;hpp;hxx;hm;inl;inc;xsd</Extensions>
    </Filter>
    <Filter Include="Resource Files">
      <UniqueIdentifier>{67DA6AB6-F800-4c08-8B7A-83BB121AAD01}</UniqueIdentifier>
      <Extensions>rc;ico;cur;bmp;dlg;rc2;rct;bin;rgs;gif;jpg;jpeg;jpe;resx;tiff;tif;png;wav;mfcribbon-ms</Extensions>
    </Filter>
  </ItemGroup>
  <ItemGroup>
    <ClCompile Include="main.cpp">
      <Filter>Source Files</Filter>
    </ClCompile>
    <ClCompile Include="Graphics\window.cpp">
      <Filter>Source Files</Filter>
    </ClCompile>
    <ClCompile Include="Shaders\shader.cpp">
      <Filter>Source Files</Filter>
    </ClCompile>
    <ClCompile Include="Camera\camera.cpp">
      <Filter>Source Files</Filter>
    </ClCompile>
    <ClCompile Include="Model Loading\mesh.cpp">
      <Filter>Source Files</Filter>
    </ClCompile>
    <ClCompile Include="Model Loading\texture.cpp">
      <Filter>Source Files</Filter>
    </ClCompile>
    <ClCompile Include="Model Loading\meshLoaderObj.cpp">
      <Filter>Source Files</Filter>
    </ClCompile>
    <ClCompile Include="Graphics\imgui\imgui_draw.cpp">
      <Filter>Source Files</Filter>
    </ClCompile>
    <ClCompile Include="Graphics\imgui\imgui_tables.cpp">
      <Filter>Source Files</Filter>
    </ClCompile>
    <ClCompile Include="Graphics\imgui\imgui_widgets.cpp">
      <Filter>Source Files</Filter>
    </ClCompile>
    <ClCompile Include="Graphics\imgui\imgui.cpp">
      <Filter>Source Files</Filter>
    </ClCompile>
    <ClCompile Include="Graphics\imgui\imgui_impl_glfw.cpp">
      <Filter>Source Files</Filter>
    </ClCompile>
    <ClCompile Include="Graphics\imgui\imgui_impl_opengl3.cpp">
      <Filter>Source Files</Filter>
    </ClCompile>
  </ItemGroup>
  <ItemGroup>
    <ClInclude Include="Graphics\window.h">
      <Filter>Header Files</Filter>
    </ClInclude>
    <ClInclude Include="Shaders\shader.h">
      <Filter>Header Files</Filter>
    </ClInclude>
    <ClInclude Include="Camera\camera.h">
      <Filter>Header Files</Filter>
    </ClInclude>
    <ClInclude Include="Model Loading\mesh.h">
      <Filter>Header Files</Filter>
    </ClInclude>
    <ClInclude Include="Model Loading\texture.h">
      <Filter>Header Files</Filter>
    </ClInclude>
    <ClInclude Include="Model Loading\meshLoaderObj.h">
      <Filter>Header Files</Filter>
    </ClInclude>
    <ClInclude Include="Model Loading\stringTokenizer.h">
      <Filter>Header Files</Filter>
    </ClInclude>
    <ClInclude Include="Graphics\GUI\MenuGUI.h">
      <Filter>Header Files</Filter>
    </ClInclude>
    <ClInclude Include="Graphics\GUI\InstructionsGUI.h">
      <Filter>Header Files</Filter>
    </ClInclude>
    <ClInclude Include="Graphics\imgui\imgui.h">
      <Filter>Header Files</Filter>
    </ClInclude>
    <ClInclude Include="Graphics\imgui\imconfig.h">
      <Filter>Header Files</Filter>
    </ClInclude>
    <ClInclude Include="Graphics\imgui\imgui_impl_glfw.h">
      <Filter>Header Files</Filter>
    </ClInclude>
    <ClInclude Include="Graphics\imgui\imgui_impl_opengl3.h">
      <Filter>Header Files</Filter>
    </ClInclude>
    <ClInclude Include="Graphics\imgui\imgui_internal.h">
      <Filter>Header Files</Filter>
    </ClInclude>
    <ClInclude Include="Graphics\imgui\imstb_rectpack.h">
      <Filter>Header Files</Filter>
    </ClInclude>
    <ClInclude Include="Graphics\imgui\imstb_textedit.h">
      <Filter>Header Files</Filter>
    </ClInclude>
    <ClInclude Include="Graphics\imgui\imstb_truetype.h">
      <Filter>Header Files</Filter>
    </ClInclude>
    <ClInclude Include="Graphics\imgui\imgui_impl_opengl3_loader.h">
      <Filter>Header Files</Filter>
    </ClInclude>
    <ClInclude Include="Graphics\GUI\HealthBar.h">
      <Filter>Header Files</Filter>
    </ClInclude>
    <ClInclude Include="Game\Characters\Enemies\Enemy.h">
      <Filter>Header Files</Filter>
    </ClInclude>
    <ClInclude Include="Game\Characters\Friends\Friend.h">
      <Filter>Header Files</Filter>
    </ClInclude>
    <ClInclude Include="Game\Characters\Main Character\Main_Char.h">
      <Filter>Header Files</Filter>
    </ClInclude>
    <ClInclude Include="Game\Maps\Map.h">
      <Filter>Header Files</Filter>
    </ClInclude>
    <ClInclude Include="Game\Projectiles\Projectile.h">
      <Filter>Header Files</Filter>
    </ClInclude>
    <ClInclude Include="Game\Tools\Drop.h">
      <Filter>Header Files</Filter>
    </ClInclude>
    <ClInclude Include="Game\Maps\Objects\Animatable.h">
      <Filter>Header Files</Filter>
    </ClInclude>
    <ClInclude Include="Resources\Model Packs\CharacterPacks.h">
      <Filter>Header Files</Filter>
    </ClInclude>
    <ClInclude Include="Resources\Model Packs\ProjectilePacks.h">
      <Filter>Header Files</Filter>
    </ClInclude>
    <ClInclude Include="Resources\Model Packs\DropPacks.h">
      <Filter>Header Files</Filter>
    </ClInclude>
    <ClInclude Include="Game\Tasks\Task.h">
      <Filter>Header Files</Filter>
    </ClInclude>
    <ClInclude Include="Resources\Model Packs\MapPacks.h">
      <Filter>Header Files</Filter>
    </ClInclude>
    <ClInclude Include="Resources\Model Packs\GunPacks.h">
      <Filter>Header Files</Filter>
    </ClInclude>
    <ClInclude Include="Resources\Model Packs\CelestialPacks.h">
      <Filter>Header Files</Filter>
    </ClInclude>
    <ClInclude Include="Resources\GameLoader.h">
      <Filter>Header Files</Filter>
    </ClInclude>
    <ClInclude Include="Game\Celestials\Celestial.h">
      <Filter>Header Files</Filter>
    </ClInclude>
    <ClInclude Include="Game\Tools\Gun.h">
      <Filter>Header Files</Filter>
    </ClInclude>
    <ClInclude Include="Resources\Model Packs\AnimatablePacks.h">
      <Filter>Header Files</Filter>
    </ClInclude>
  </ItemGroup>
  <ItemGroup>
    <None Include="Shaders\vertex_shader.glsl" />
    <None Include="Shaders\fragment_shader.glsl" />
    <None Include="Shaders\Celestial Shaders\sun_fragment_shader.glsl" />
    <None Include="Shaders\Celestial Shaders\sun_vertex_shader.glsl" />
    <None Include="Shaders\normalvertexshader.glsl" />
    <None Include="Shaders\newshader.glsl" />
    <None Include="Shaders\Maps Shaders\map_normal_vertex_shader.glsl" />
    <None Include="Shaders\Maps Shaders\map_normal_fragment_shader.glsl" />
    <None Include="Shaders\Characters Shaders\mc_normal_fragment_shader.glsl" />
    <None Include="Shaders\Characters Shaders\mc_normal_vertex_shader.glsl" />
    <None Include="Shaders\Celestial Shaders\moon_fragment_shader.glsl" />
    <None Include="Shaders\Celestial Shaders\moon_vertex_shader.glsl" />
  </ItemGroup>
</Project>